lockfileVersion: '9.0'

settings:
  autoInstallPeers: true
  excludeLinksFromLockfile: false

importers:

  .:
    devDependencies:
      '@types/bun':
        specifier: ^1.1.9
        version: 1.1.9
      bs58:
        specifier: ^6.0.0
        version: 6.0.0

  clients/audio:
    devDependencies:
      '@discern/types':
        specifier: workspace:^0.0.1
        version: link:../../sdk/types

  clients/twitch:
    dependencies:
      zod:
        specifier: ^3.23.8
        version: 3.23.8
    devDependencies:
      '@discern/types':
        specifier: workspace:^0.0.1
        version: link:../../sdk/types
      typescript:
        specifier: ^5.5.4
        version: 5.5.4

  plugins/twitch:
    dependencies:
      zod:
        specifier: ^3.23.8
        version: 3.23.8
    devDependencies:
      '@discern/twitch-client':
        specifier: workspace:^0.0.1
        version: link:../../clients/twitch
      '@discern/types':
        specifier: workspace:^0.0.1
        version: link:../../sdk/types
      typescript:
        specifier: ^5.5.4
        version: 5.5.4

  sdk/types:
    dependencies:
      '@deno/types':
        specifier: ^0.0.1
        version: 0.0.1

packages:

  '@deno/types@0.0.1':
    resolution: {integrity: sha512-KTB6Blr05Iw7k7aMzPWlJX0kv08xXZ5Mu7fxSp0M1HnaOHDRnFC956I4PxYdOtN27+b2723Id2G2oofxLvA35A==}

  '@types/bun@1.1.9':
    resolution: {integrity: sha512-SXJRejXpmAc3qxyN/YS4/JGWEzLf4dDBa5fLtRDipQXHqNccuMU4EUYCooXNTsylG0DmwFQsGgEDHxZF+3DqRw==}

  '@types/node@20.12.14':
    resolution: {integrity: sha512-scnD59RpYD91xngrQQLGkE+6UrHUPzeKZWhhjBSa3HSkwjbQc38+q3RoIVEwxQGRw3M+j5hpNAM+lgV3cVormg==}

  '@types/ws@8.5.12':
    resolution: {integrity: sha512-3tPRkv1EtkDpzlgyKyI8pGsGZAGPEaXeu0DOj5DI25Ja91bdAYddYHbADRYVrZMRbfW+1l5YwXVDKohDJNQxkQ==}

  base-x@5.0.0:
    resolution: {integrity: sha512-sMW3VGSX1QWVFA6l8U62MLKz29rRfpTlYdCqLdpLo1/Yd4zZwSbnUaDfciIAowAqvq7YFnWq9hrhdg1KYgc1lQ==}

  bs58@6.0.0:
    resolution: {integrity: sha512-PD0wEnEYg6ijszw/u8s+iI3H17cTymlrwkKhDhPZq+Sokl3AU4htyBFTjAeNAlCCmg0f53g6ih3jATyCKftTfw==}

  bun-types@1.1.27:
    resolution: {integrity: sha512-rHXAiIDefeMS/fleNM1rRDYqolJGNRdch3+AuCRwcZWaqTa1vjGBNsahH/HVV7Y82frllYhJomCVSEiHzLzkgg==}

  typescript@5.5.4:
    resolution: {integrity: sha512-Mtq29sKDAEYP7aljRgtPOpTvOfbwRWlS6dPRzwjdE+C0R4brX/GUyhHSecbHMFLNBLcJIPt9nl9yG5TZ1weH+Q==}
    engines: {node: '>=14.17'}
    hasBin: true

  undici-types@5.26.5:
    resolution: {integrity: sha512-JlCMO+ehdEIKqlFxk6IfVoAUVmgz7cU7zD/h9XZ0qzeosSHmUJVOzSQvvYSYWXkFXC+IfLKSIffhv0sVZup6pA==}

  zod@3.23.8:
    resolution: {integrity: sha512-XBx9AXhXktjUqnepgTiE5flcKIYWi/rme0Eaj+5Y0lftuGBq+jyRu/md4WnuxqgP1ubdpNCsYEYPxrzVHD8d6g==}

snapshots:

  '@deno/types@0.0.1': {}

  '@types/bun@1.1.9':
    dependencies:
      bun-types: 1.1.27

  '@types/node@20.12.14':
    dependencies:
      undici-types: 5.26.5

  '@types/ws@8.5.12':
    dependencies:
      '@types/node': 20.12.14

  base-x@5.0.0: {}

  bs58@6.0.0:
    dependencies:
      base-x: 5.0.0

  bun-types@1.1.27:
    dependencies:
      '@types/node': 20.12.14
      '@types/ws': 8.5.12

  typescript@5.5.4: {}

  undici-types@5.26.5: {}

  zod@3.23.8: {}
